
Microsoft Visual Studio Solution File, Format Version 12.00
# Visual Studio Version 16
VisualStudioVersion = 16.0.31424.327
MinimumVisualStudioVersion = 10.0.40219.1
Project("{FAE04EC0-301F-11D3-BF4B-00C04F79EFBC}") = "Vidly1", "Vidly\Vidly1.csproj", "{FDD6597C-7497-4850-87ED-78C264458C9A}"
EndProject
Global
	GlobalSection(SolutionConfigurationPlatforms) = preSolution
		Debug|Any CPU = Debug|Any CPU
		Release|Any CPU = Release|Any CPU
		Testing|Any CPU = Testing|Any CPU
	EndGlobalSection
	GlobalSection(ProjectConfigurationPlatforms) = postSolution
		{FDD6597C-7497-4850-87ED-78C264458C9A}.Debug|Any CPU.ActiveCfg = Debug|Any CPU
		{FDD6597C-7497-4850-87ED-78C264458C9A}.Debug|Any CPU.Build.0 = Debug|Any CPU
		{FDD6597C-7497-4850-87ED-78C264458C9A}.Release|Any CPU.ActiveCfg = Release|Any CPU
		{FDD6597C-7497-4850-87ED-78C264458C9A}.Release|Any CPU.Build.0 = Release|Any CPU
		{FDD6597C-7497-4850-87ED-78C264458C9A}.Testing|Any CPU.ActiveCfg = Testing|Any CPU
		{FDD6597C-7497-4850-87ED-78C264458C9A}.Testing|Any CPU.Build.0 = Testing|Any CPU
	EndGlobalSection
	GlobalSection(SolutionProperties) = preSolution
		HideSolutionNode = FALSE
	EndGlobalSection
	GlobalSection(ExtensibilityGlobals) = postSolution
		SolutionGuid = {14760EF6-F942-47B7-AFCF-CFCD49A58D9E}
	EndGlobalSection
EndGlobal
